// !$*UTF8*$!
{
	archiveVersion = 1;
	classes = {
	};
	objectVersion = 46;
	objects = {

/* Begin PBXBuildFile section */
		647E867AB06E712200CFF6C0 /* libPods-PlaybackDemo.a in Frameworks */ = {isa = PBXBuildFile; fileRef = C5CAD25EBC155F99AEB99763 /* libPods-PlaybackDemo.a */; };
		A48131DB1EC46DCD00F214B1 /* AppDelegate.m in Sources */ = {isa = PBXBuildFile; fileRef = A48131D41EC46DCD00F214B1 /* AppDelegate.m */; };
		A48131DC1EC46DCD00F214B1 /* DefaultLayoutViewController.m in Sources */ = {isa = PBXBuildFile; fileRef = A48131D61EC46DCD00F214B1 /* DefaultLayoutViewController.m */; };
		A48131DD1EC46DCD00F214B1 /* DemoUtility.m in Sources */ = {isa = PBXBuildFile; fileRef = A48131D81EC46DCD00F214B1 /* DemoUtility.m */; };
		A48131DE1EC46DCD00F214B1 /* MainViewController.m in Sources */ = {isa = PBXBuildFile; fileRef = A48131DA1EC46DCD00F214B1 /* MainViewController.m */; };
		A48131E41EC46E2700F214B1 /* LaunchScreen.storyboard in Resources */ = {isa = PBXBuildFile; fileRef = A48131E01EC46E2700F214B1 /* LaunchScreen.storyboard */; };
		A48131E51EC46E2700F214B1 /* Main.storyboard in Resources */ = {isa = PBXBuildFile; fileRef = A48131E21EC46E2700F214B1 /* Main.storyboard */; };
		A48131EA1EC46E3900F214B1 /* DJIPlaybackMultiSelectViewController.m in Sources */ = {isa = PBXBuildFile; fileRef = A48131E71EC46E3900F214B1 /* DJIPlaybackMultiSelectViewController.m */; };
		A48131EB1EC46E3900F214B1 /* PlaybackViewController.m in Sources */ = {isa = PBXBuildFile; fileRef = A48131E91EC46E3900F214B1 /* PlaybackViewController.m */; };
		A48131EF1EC46E4B00F214B1 /* DJIPlaybackMultiSelectViewController_iPad.xib in Resources */ = {isa = PBXBuildFile; fileRef = A48131EC1EC46E4B00F214B1 /* DJIPlaybackMultiSelectViewController_iPad.xib */; };
		A48131F01EC46E4B00F214B1 /* DJIPlaybackMultiSelectViewController_iPhone6.xib in Resources */ = {isa = PBXBuildFile; fileRef = A48131ED1EC46E4B00F214B1 /* DJIPlaybackMultiSelectViewController_iPhone6.xib */; };
		A48131F11EC46E4B00F214B1 /* DJIPlaybackMultiSelectViewController_iPhone6+.xib in Resources */ = {isa = PBXBuildFile; fileRef = A48131EE1EC46E4B00F214B1 /* DJIPlaybackMultiSelectViewController_iPhone6+.xib */; };
		A48131F51EC46E5B00F214B1 /* main.m in Sources */ = {isa = PBXBuildFile; fileRef = A48131F31EC46E5B00F214B1 /* main.m */; };
		A48131F71EC46E7000F214B1 /* Assets.xcassets in Resources */ = {isa = PBXBuildFile; fileRef = A48131F61EC46E7000F214B1 /* Assets.xcassets */; };
		A48131F91EC46F2700F214B1 /* Info.plist in Resources */ = {isa = PBXBuildFile; fileRef = A48131F21EC46E5B00F214B1 /* Info.plist */; };
		A48847EB1EA26B0200CE5843 /* VideoPreviewer.framework in Frameworks */ = {isa = PBXBuildFile; fileRef = A48847E51EA26AEC00CE5843 /* VideoPreviewer.framework */; };
		A48847EC1EA26B0200CE5843 /* VideoPreviewer.framework in Embed Frameworks */ = {isa = PBXBuildFile; fileRef = A48847E51EA26AEC00CE5843 /* VideoPreviewer.framework */; settings = {ATTRIBUTES = (CodeSignOnCopy, RemoveHeadersOnCopy, ); }; };
/* End PBXBuildFile section */

/* Begin PBXContainerItemProxy section */
		A48847E41EA26AEC00CE5843 /* PBXContainerItemProxy */ = {
			isa = PBXContainerItemProxy;
			containerPortal = A48847E01EA26AEC00CE5843 /* VideoPreviewer.xcodeproj */;
			proxyType = 2;
			remoteGlobalIDString = 02A543FD1C3C51CB0083C11B;
			remoteInfo = VideoPreviewer;
		};
		A48847ED1EA26B0200CE5843 /* PBXContainerItemProxy */ = {
			isa = PBXContainerItemProxy;
			containerPortal = A48847E01EA26AEC00CE5843 /* VideoPreviewer.xcodeproj */;
			proxyType = 1;
			remoteGlobalIDString = 02A543FC1C3C51CB0083C11B;
			remoteInfo = VideoPreviewer;
		};
/* End PBXContainerItemProxy section */

/* Begin PBXCopyFilesBuildPhase section */
		A48847EA1EA26AFF00CE5843 /* Embed Frameworks */ = {
			isa = PBXCopyFilesBuildPhase;
			buildActionMask = 2147483647;
			dstPath = "";
			dstSubfolderSpec = 10;
			files = (
				A48847EC1EA26B0200CE5843 /* VideoPreviewer.framework in Embed Frameworks */,
			);
			name = "Embed Frameworks";
			runOnlyForDeploymentPostprocessing = 0;
		};
/* End PBXCopyFilesBuildPhase section */

/* Begin PBXFileReference section */
		6E44FC47D98B416B82B08048 /* Pods-PlaybackDemo.debug.xcconfig */ = {isa = PBXFileReference; includeInIndex = 1; lastKnownFileType = text.xcconfig; name = "Pods-PlaybackDemo.debug.xcconfig"; path = "Pods/Target Support Files/Pods-PlaybackDemo/Pods-PlaybackDemo.debug.xcconfig"; sourceTree = "<group>"; };
		8D038CCF8617728F1DAE4F88 /* Pods-PlaybackDemo.release.xcconfig */ = {isa = PBXFileReference; includeInIndex = 1; lastKnownFileType = text.xcconfig; name = "Pods-PlaybackDemo.release.xcconfig"; path = "Pods/Target Support Files/Pods-PlaybackDemo/Pods-PlaybackDemo.release.xcconfig"; sourceTree = "<group>"; };
		A48131D31EC46DCD00F214B1 /* AppDelegate.h */ = {isa = PBXFileReference; fileEncoding = 4; lastKnownFileType = sourcecode.c.h; name = AppDelegate.h; path = PlaybackDemo/AppDelegate.h; sourceTree = SOURCE_ROOT; };
		A48131D41EC46DCD00F214B1 /* AppDelegate.m */ = {isa = PBXFileReference; fileEncoding = 4; lastKnownFileType = sourcecode.c.objc; name = AppDelegate.m; path = PlaybackDemo/AppDelegate.m; sourceTree = SOURCE_ROOT; };
		A48131D51EC46DCD00F214B1 /* DefaultLayoutViewController.h */ = {isa = PBXFileReference; fileEncoding = 4; lastKnownFileType = sourcecode.c.h; name = DefaultLayoutViewController.h; path = PlaybackDemo/DefaultLayoutViewController.h; sourceTree = SOURCE_ROOT; };
		A48131D61EC46DCD00F214B1 /* DefaultLayoutViewController.m */ = {isa = PBXFileReference; fileEncoding = 4; lastKnownFileType = sourcecode.c.objc; name = DefaultLayoutViewController.m; path = PlaybackDemo/DefaultLayoutViewController.m; sourceTree = SOURCE_ROOT; };
		A48131D71EC46DCD00F214B1 /* DemoUtility.h */ = {isa = PBXFileReference; fileEncoding = 4; lastKnownFileType = sourcecode.c.h; name = DemoUtility.h; path = PlaybackDemo/DemoUtility.h; sourceTree = SOURCE_ROOT; };
		A48131D81EC46DCD00F214B1 /* DemoUtility.m */ = {isa = PBXFileReference; fileEncoding = 4; lastKnownFileType = sourcecode.c.objc; name = DemoUtility.m; path = PlaybackDemo/DemoUtility.m; sourceTree = SOURCE_ROOT; };
		A48131D91EC46DCD00F214B1 /* MainViewController.h */ = {isa = PBXFileReference; fileEncoding = 4; lastKnownFileType = sourcecode.c.h; name = MainViewController.h; path = PlaybackDemo/MainViewController.h; sourceTree = SOURCE_ROOT; };
		A48131DA1EC46DCD00F214B1 /* MainViewController.m */ = {isa = PBXFileReference; fileEncoding = 4; lastKnownFileType = sourcecode.c.objc; name = MainViewController.m; path = PlaybackDemo/MainViewController.m; sourceTree = SOURCE_ROOT; };
		A48131E11EC46E2700F214B1 /* Base */ = {isa = PBXFileReference; lastKnownFileType = file.storyboard; name = Base; path = PlaybackDemo/Base.lproj/LaunchScreen.storyboard; sourceTree = SOURCE_ROOT; };
		A48131E31EC46E2700F214B1 /* Base */ = {isa = PBXFileReference; lastKnownFileType = file.storyboard; name = Base; path = PlaybackDemo/Base.lproj/Main.storyboard; sourceTree = SOURCE_ROOT; };
		A48131E61EC46E3900F214B1 /* DJIPlaybackMultiSelectViewController.h */ = {isa = PBXFileReference; fileEncoding = 4; lastKnownFileType = sourcecode.c.h; name = DJIPlaybackMultiSelectViewController.h; path = PlaybackDemo/DJIPlaybackMultiSelectViewController.h; sourceTree = SOURCE_ROOT; };
		A48131E71EC46E3900F214B1 /* DJIPlaybackMultiSelectViewController.m */ = {isa = PBXFileReference; fileEncoding = 4; lastKnownFileType = sourcecode.c.objc; name = DJIPlaybackMultiSelectViewController.m; path = PlaybackDemo/DJIPlaybackMultiSelectViewController.m; sourceTree = SOURCE_ROOT; };
		A48131E81EC46E3900F214B1 /* PlaybackViewController.h */ = {isa = PBXFileReference; fileEncoding = 4; lastKnownFileType = sourcecode.c.h; name = PlaybackViewController.h; path = PlaybackDemo/PlaybackViewController.h; sourceTree = SOURCE_ROOT; };
		A48131E91EC46E3900F214B1 /* PlaybackViewController.m */ = {isa = PBXFileReference; fileEncoding = 4; lastKnownFileType = sourcecode.c.objc; name = PlaybackViewController.m; path = PlaybackDemo/PlaybackViewController.m; sourceTree = SOURCE_ROOT; };
		A48131EC1EC46E4B00F214B1 /* DJIPlaybackMultiSelectViewController_iPad.xib */ = {isa = PBXFileReference; fileEncoding = 4; lastKnownFileType = file.xib; name = DJIPlaybackMultiSelectViewController_iPad.xib; path = PlaybackDemo/xibs/DJIPlaybackMultiSelectViewController_iPad.xib; sourceTree = SOURCE_ROOT; };
		A48131ED1EC46E4B00F214B1 /* DJIPlaybackMultiSelectViewController_iPhone6.xib */ = {isa = PBXFileReference; fileEncoding = 4; lastKnownFileType = file.xib; name = DJIPlaybackMultiSelectViewController_iPhone6.xib; path = PlaybackDemo/xibs/DJIPlaybackMultiSelectViewController_iPhone6.xib; sourceTree = SOURCE_ROOT; };
		A48131EE1EC46E4B00F214B1 /* DJIPlaybackMultiSelectViewController_iPhone6+.xib */ = {isa = PBXFileReference; fileEncoding = 4; lastKnownFileType = file.xib; name = "DJIPlaybackMultiSelectViewController_iPhone6+.xib"; path = "PlaybackDemo/xibs/DJIPlaybackMultiSelectViewController_iPhone6+.xib"; sourceTree = SOURCE_ROOT; };
		A48131F21EC46E5B00F214B1 /* Info.plist */ = {isa = PBXFileReference; fileEncoding = 4; lastKnownFileType = text.plist.xml; name = Info.plist; path = PlaybackDemo/Info.plist; sourceTree = SOURCE_ROOT; };
		A48131F31EC46E5B00F214B1 /* main.m */ = {isa = PBXFileReference; fileEncoding = 4; lastKnownFileType = sourcecode.c.objc; name = main.m; path = PlaybackDemo/main.m; sourceTree = SOURCE_ROOT; };
		A48131F61EC46E7000F214B1 /* Assets.xcassets */ = {isa = PBXFileReference; lastKnownFileType = folder.assetcatalog; name = Assets.xcassets; path = PlaybackDemo/Assets.xcassets; sourceTree = SOURCE_ROOT; };
		A48847C51EA2697F00CE5843 /* PlaybackDemo.app */ = {isa = PBXFileReference; explicitFileType = wrapper.application; includeInIndex = 0; path = PlaybackDemo.app; sourceTree = BUILT_PRODUCTS_DIR; };
		A48847E01EA26AEC00CE5843 /* VideoPreviewer.xcodeproj */ = {isa = PBXFileReference; lastKnownFileType = "wrapper.pb-project"; name = VideoPreviewer.xcodeproj; path = Frameworks/VideoPreviewer/VideoPreviewer.xcodeproj; sourceTree = "<group>"; };
		C5CAD25EBC155F99AEB99763 /* libPods-PlaybackDemo.a */ = {isa = PBXFileReference; explicitFileType = archive.ar; includeInIndex = 0; path = "libPods-PlaybackDemo.a"; sourceTree = BUILT_PRODUCTS_DIR; };
/* End PBXFileReference section */

/* Begin PBXFrameworksBuildPhase section */
		A48847C21EA2697F00CE5843 /* Frameworks */ = {
			isa = PBXFrameworksBuildPhase;
			buildActionMask = 2147483647;
			files = (
				A48847EB1EA26B0200CE5843 /* VideoPreviewer.framework in Frameworks */,
				647E867AB06E712200CFF6C0 /* libPods-PlaybackDemo.a in Frameworks */,
			);
			runOnlyForDeploymentPostprocessing = 0;
		};
/* End PBXFrameworksBuildPhase section */

/* Begin PBXGroup section */
		0F0E1DC1BEF7692DD4F331BE /* Pods */ = {
			isa = PBXGroup;
			children = (
				6E44FC47D98B416B82B08048 /* Pods-PlaybackDemo.debug.xcconfig */,
				8D038CCF8617728F1DAE4F88 /* Pods-PlaybackDemo.release.xcconfig */,
			);
			name = Pods;
			sourceTree = "<group>";
		};
		26FD7018B7700DA45E0BD5F8 /* Frameworks */ = {
			isa = PBXGroup;
			children = (
				A48847E01EA26AEC00CE5843 /* VideoPreviewer.xcodeproj */,
				C5CAD25EBC155F99AEB99763 /* libPods-PlaybackDemo.a */,
			);
			name = Frameworks;
			sourceTree = "<group>";
		};
		A48847BC1EA2697F00CE5843 = {
			isa = PBXGroup;
			children = (
				A48847C71EA2697F00CE5843 /* PlaybackDemo */,
				A48847C61EA2697F00CE5843 /* Products */,
				0F0E1DC1BEF7692DD4F331BE /* Pods */,
				26FD7018B7700DA45E0BD5F8 /* Frameworks */,
			);
			sourceTree = "<group>";
		};
		A48847C61EA2697F00CE5843 /* Products */ = {
			isa = PBXGroup;
			children = (
				A48847C51EA2697F00CE5843 /* PlaybackDemo.app */,
			);
			name = Products;
			sourceTree = "<group>";
		};
		A48847C71EA2697F00CE5843 /* PlaybackDemo */ = {
			isa = PBXGroup;
			children = (
				A48131D71EC46DCD00F214B1 /* DemoUtility.h */,
				A48131D81EC46DCD00F214B1 /* DemoUtility.m */,
				A48131D31EC46DCD00F214B1 /* AppDelegate.h */,
				A48131D41EC46DCD00F214B1 /* AppDelegate.m */,
				A48131D91EC46DCD00F214B1 /* MainViewController.h */,
				A48131DA1EC46DCD00F214B1 /* MainViewController.m */,
				A48131D51EC46DCD00F214B1 /* DefaultLayoutViewController.h */,
				A48131D61EC46DCD00F214B1 /* DefaultLayoutViewController.m */,
				A48847F91EA4ACD700CE5843 /* PlaybackView */,
				A48131F21EC46E5B00F214B1 /* Info.plist */,
				A48131E01EC46E2700F214B1 /* LaunchScreen.storyboard */,
				A48131E21EC46E2700F214B1 /* Main.storyboard */,
				A48131F61EC46E7000F214B1 /* Assets.xcassets */,
				A48847C81EA2697F00CE5843 /* Supporting Files */,
			);
			name = PlaybackDemo;
			path = UILibraryDemo;
			sourceTree = "<group>";
		};
		A48847C81EA2697F00CE5843 /* Supporting Files */ = {
			isa = PBXGroup;
			children = (
				A48131F31EC46E5B00F214B1 /* main.m */,
			);
			name = "Supporting Files";
			sourceTree = "<group>";
		};
		A48847E11EA26AEC00CE5843 /* Products */ = {
			isa = PBXGroup;
			children = (
				A48847E51EA26AEC00CE5843 /* VideoPreviewer.framework */,
			);
			name = Products;
			sourceTree = "<group>";
		};
		A48847F91EA4ACD700CE5843 /* PlaybackView */ = {
			isa = PBXGroup;
			children = (
				A48131E81EC46E3900F214B1 /* PlaybackViewController.h */,
				A48131E91EC46E3900F214B1 /* PlaybackViewController.m */,
				A48131E61EC46E3900F214B1 /* DJIPlaybackMultiSelectViewController.h */,
				A48131E71EC46E3900F214B1 /* DJIPlaybackMultiSelectViewController.m */,
				A48847FD1EA4B49400CE5843 /* xibs */,
			);
			name = PlaybackView;
			sourceTree = "<group>";
		};
		A48847FD1EA4B49400CE5843 /* xibs */ = {
			isa = PBXGroup;
			children = (
				A48131EC1EC46E4B00F214B1 /* DJIPlaybackMultiSelectViewController_iPad.xib */,
				A48131ED1EC46E4B00F214B1 /* DJIPlaybackMultiSelectViewController_iPhone6.xib */,
				A48131EE1EC46E4B00F214B1 /* DJIPlaybackMultiSelectViewController_iPhone6+.xib */,
			);
			path = xibs;
			sourceTree = "<group>";
		};
/* End PBXGroup section */

/* Begin PBXNativeTarget section */
		A48847C41EA2697F00CE5843 /* PlaybackDemo */ = {
			isa = PBXNativeTarget;
			buildConfigurationList = A48847DC1EA2697F00CE5843 /* Build configuration list for PBXNativeTarget "PlaybackDemo" */;
			buildPhases = (
				7FA8C45A5C23ACF2B21DC556 /* [CP] Check Pods Manifest.lock */,
				A48847C11EA2697F00CE5843 /* Sources */,
				A48847C21EA2697F00CE5843 /* Frameworks */,
				A48847C31EA2697F00CE5843 /* Resources */,
				B67F77260A1CB8541637B104 /* [CP] Embed Pods Frameworks */,
				A05A9B2EAF8E7AA92BB852FD /* [CP] Copy Pods Resources */,
				A48847EA1EA26AFF00CE5843 /* Embed Frameworks */,
			);
			buildRules = (
			);
			dependencies = (
				A48847EE1EA26B0200CE5843 /* PBXTargetDependency */,
			);
			name = PlaybackDemo;
			productName = UILibraryDemo;
			productReference = A48847C51EA2697F00CE5843 /* PlaybackDemo.app */;
			productType = "com.apple.product-type.application";
		};
/* End PBXNativeTarget section */

/* Begin PBXProject section */
		A48847BD1EA2697F00CE5843 /* Project object */ = {
			isa = PBXProject;
			attributes = {
				LastUpgradeCheck = 0810;
				ORGANIZATIONNAME = DJI;
				TargetAttributes = {
					A48847C41EA2697F00CE5843 = {
						CreatedOnToolsVersion = 8.1;
						DevelopmentTeam = 7UL3LRJL93;
						ProvisioningStyle = Automatic;
					};
				};
			};
			buildConfigurationList = A48847C01EA2697F00CE5843 /* Build configuration list for PBXProject "PlaybackDemo" */;
			compatibilityVersion = "Xcode 3.2";
			developmentRegion = English;
			hasScannedForEncodings = 0;
			knownRegions = (
				en,
				Base,
			);
			mainGroup = A48847BC1EA2697F00CE5843;
			productRefGroup = A48847C61EA2697F00CE5843 /* Products */;
			projectDirPath = "";
			projectReferences = (
				{
					ProductGroup = A48847E11EA26AEC00CE5843 /* Products */;
					ProjectRef = A48847E01EA26AEC00CE5843 /* VideoPreviewer.xcodeproj */;
				},
			);
			projectRoot = "";
			targets = (
				A48847C41EA2697F00CE5843 /* PlaybackDemo */,
			);
		};
/* End PBXProject section */

/* Begin PBXReferenceProxy section */
		A48847E51EA26AEC00CE5843 /* VideoPreviewer.framework */ = {
			isa = PBXReferenceProxy;
			fileType = wrapper.framework;
			path = VideoPreviewer.framework;
			remoteRef = A48847E41EA26AEC00CE5843 /* PBXContainerItemProxy */;
			sourceTree = BUILT_PRODUCTS_DIR;
		};
/* End PBXReferenceProxy section */

/* Begin PBXResourcesBuildPhase section */
		A48847C31EA2697F00CE5843 /* Resources */ = {
			isa = PBXResourcesBuildPhase;
			buildActionMask = 2147483647;
			files = (
				A48131E51EC46E2700F214B1 /* Main.storyboard in Resources */,
				A48131EF1EC46E4B00F214B1 /* DJIPlaybackMultiSelectViewController_iPad.xib in Resources */,
				A48131F11EC46E4B00F214B1 /* DJIPlaybackMultiSelectViewController_iPhone6+.xib in Resources */,
				A48131E41EC46E2700F214B1 /* LaunchScreen.storyboard in Resources */,
				A48131F71EC46E7000F214B1 /* Assets.xcassets in Resources */,
				A48131F01EC46E4B00F214B1 /* DJIPlaybackMultiSelectViewController_iPhone6.xib in Resources */,
				A48131F91EC46F2700F214B1 /* Info.plist in Resources */,
			);
			runOnlyForDeploymentPostprocessing = 0;
		};
/* End PBXResourcesBuildPhase section */

/* Begin PBXShellScriptBuildPhase section */
		7FA8C45A5C23ACF2B21DC556 /* [CP] Check Pods Manifest.lock */ = {
			isa = PBXShellScriptBuildPhase;
			buildActionMask = 2147483647;
			files = (
			);
			inputPaths = (
			);
			name = "[CP] Check Pods Manifest.lock";
			outputPaths = (
			);
			runOnlyForDeploymentPostprocessing = 0;
			shellPath = /bin/sh;
			shellScript = "diff \"${PODS_ROOT}/../Podfile.lock\" \"${PODS_ROOT}/Manifest.lock\" > /dev/null\nif [ $? != 0 ] ; then\n    # print error to STDERR\n    echo \"error: The sandbox is not in sync with the Podfile.lock. Run 'pod install' or update your CocoaPods installation.\" >&2\n    exit 1\nfi\n";
			showEnvVarsInLog = 0;
		};
		A05A9B2EAF8E7AA92BB852FD /* [CP] Copy Pods Resources */ = {
			isa = PBXShellScriptBuildPhase;
			buildActionMask = 2147483647;
			files = (
			);
			inputPaths = (
			);
			name = "[CP] Copy Pods Resources";
			outputPaths = (
			);
			runOnlyForDeploymentPostprocessing = 0;
			shellPath = /bin/sh;
			shellScript = "\"${SRCROOT}/Pods/Target Support Files/Pods-PlaybackDemo/Pods-PlaybackDemo-resources.sh\"\n";
			showEnvVarsInLog = 0;
		};
		B67F77260A1CB8541637B104 /* [CP] Embed Pods Frameworks */ = {
			isa = PBXShellScriptBuildPhase;
			buildActionMask = 2147483647;
			files = (
			);
			inputPaths = (
			);
			name = "[CP] Embed Pods Frameworks";
			outputPaths = (
			);
			runOnlyForDeploymentPostprocessing = 0;
			shellPath = /bin/sh;
			shellScript = "\"${SRCROOT}/Pods/Target Support Files/Pods-PlaybackDemo/Pods-PlaybackDemo-frameworks.sh\"\n";
			showEnvVarsInLog = 0;
		};
/* End PBXShellScriptBuildPhase section */

/* Begin PBXSourcesBuildPhase section */
		A48847C11EA2697F00CE5843 /* Sources */ = {
			isa = PBXSourcesBuildPhase;
			buildActionMask = 2147483647;
			files = (
				A48131DE1EC46DCD00F214B1 /* MainViewController.m in Sources */,
				A48131EA1EC46E3900F214B1 /* DJIPlaybackMultiSelectViewController.m in Sources */,
				A48131DD1EC46DCD00F214B1 /* DemoUtility.m in Sources */,
				A48131DB1EC46DCD00F214B1 /* AppDelegate.m in Sources */,
				A48131DC1EC46DCD00F214B1 /* DefaultLayoutViewController.m in Sources */,
				A48131F51EC46E5B00F214B1 /* main.m in Sources */,
				A48131EB1EC46E3900F214B1 /* PlaybackViewController.m in Sources */,
			);
			runOnlyForDeploymentPostprocessing = 0;
		};
/* End PBXSourcesBuildPhase section */

/* Begin PBXTargetDependency section */
		A48847EE1EA26B0200CE5843 /* PBXTargetDependency */ = {
			isa = PBXTargetDependency;
			name = VideoPreviewer;
			targetProxy = A48847ED1EA26B0200CE5843 /* PBXContainerItemProxy */;
		};
/* End PBXTargetDependency section */

/* Begin PBXVariantGroup section */
		A48131E01EC46E2700F214B1 /* LaunchScreen.storyboard */ = {
			isa = PBXVariantGroup;
			children = (
				A48131E11EC46E2700F214B1 /* Base */,
			);
			name = LaunchScreen.storyboard;
			sourceTree = "<group>";
		};
		A48131E21EC46E2700F214B1 /* Main.storyboard */ = {
			isa = PBXVariantGroup;
			children = (
				A48131E31EC46E2700F214B1 /* Base */,
			);
			name = Main.storyboard;
			sourceTree = "<group>";
		};
/* End PBXVariantGroup section */

/* Begin XCBuildConfiguration section */
		A48847DA1EA2697F00CE5843 /* Debug */ = {
			isa = XCBuildConfiguration;
			buildSettings = {
				ALWAYS_SEARCH_USER_PATHS = NO;
				CLANG_ANALYZER_NONNULL = YES;
				CLANG_CXX_LANGUAGE_STANDARD = "gnu++0x";
				CLANG_CXX_LIBRARY = "libc++";
				CLANG_ENABLE_MODULES = YES;
				CLANG_ENABLE_OBJC_ARC = YES;
				CLANG_WARN_BOOL_CONVERSION = YES;
				CLANG_WARN_CONSTANT_CONVERSION = YES;
				CLANG_WARN_DIRECT_OBJC_ISA_USAGE = YES_ERROR;
				CLANG_WARN_DOCUMENTATION_COMMENTS = YES;
				CLANG_WARN_EMPTY_BODY = YES;
				CLANG_WARN_ENUM_CONVERSION = YES;
				CLANG_WARN_INFINITE_RECURSION = YES;
				CLANG_WARN_INT_CONVERSION = YES;
				CLANG_WARN_OBJC_ROOT_CLASS = YES_ERROR;
				CLANG_WARN_SUSPICIOUS_MOVES = YES;
				CLANG_WARN_UNREACHABLE_CODE = YES;
				CLANG_WARN__DUPLICATE_METHOD_MATCH = YES;
				"CODE_SIGN_IDENTITY[sdk=iphoneos*]" = "iPhone Developer";
				COPY_PHASE_STRIP = NO;
				DEBUG_INFORMATION_FORMAT = dwarf;
				ENABLE_STRICT_OBJC_MSGSEND = YES;
				ENABLE_TESTABILITY = YES;
				GCC_C_LANGUAGE_STANDARD = gnu99;
				GCC_DYNAMIC_NO_PIC = NO;
				GCC_NO_COMMON_BLOCKS = YES;
				GCC_OPTIMIZATION_LEVEL = 0;
				GCC_PREPROCESSOR_DEFINITIONS = (
					"DEBUG=1",
					"$(inherited)",
				);
				GCC_WARN_64_TO_32_BIT_CONVERSION = YES;
				GCC_WARN_ABOUT_RETURN_TYPE = YES_ERROR;
				GCC_WARN_UNDECLARED_SELECTOR = YES;
				GCC_WARN_UNINITIALIZED_AUTOS = YES_AGGRESSIVE;
				GCC_WARN_UNUSED_FUNCTION = YES;
				GCC_WARN_UNUSED_VARIABLE = YES;
				IPHONEOS_DEPLOYMENT_TARGET = 10.1;
				MTL_ENABLE_DEBUG_INFO = YES;
				ONLY_ACTIVE_ARCH = YES;
				SDKROOT = iphoneos;
				TARGETED_DEVICE_FAMILY = "1,2";
			};
			name = Debug;
		};
		A48847DB1EA2697F00CE5843 /* Release */ = {
			isa = XCBuildConfiguration;
			buildSettings = {
				ALWAYS_SEARCH_USER_PATHS = NO;
				CLANG_ANALYZER_NONNULL = YES;
				CLANG_CXX_LANGUAGE_STANDARD = "gnu++0x";
				CLANG_CXX_LIBRARY = "libc++";
				CLANG_ENABLE_MODULES = YES;
				CLANG_ENABLE_OBJC_ARC = YES;
				CLANG_WARN_BOOL_CONVERSION = YES;
				CLANG_WARN_CONSTANT_CONVERSION = YES;
				CLANG_WARN_DIRECT_OBJC_ISA_USAGE = YES_ERROR;
				CLANG_WARN_DOCUMENTATION_COMMENTS = YES;
				CLANG_WARN_EMPTY_BODY = YES;
				CLANG_WARN_ENUM_CONVERSION = YES;
				CLANG_WARN_INFINITE_RECURSION = YES;
				CLANG_WARN_INT_CONVERSION = YES;
				CLANG_WARN_OBJC_ROOT_CLASS = YES_ERROR;
				CLANG_WARN_SUSPICIOUS_MOVES = YES;
				CLANG_WARN_UNREACHABLE_CODE = YES;
				CLANG_WARN__DUPLICATE_METHOD_MATCH = YES;
				"CODE_SIGN_IDENTITY[sdk=iphoneos*]" = "iPhone Developer";
				COPY_PHASE_STRIP = NO;
				DEBUG_INFORMATION_FORMAT = "dwarf-with-dsym";
				ENABLE_NS_ASSERTIONS = NO;
				ENABLE_STRICT_OBJC_MSGSEND = YES;
				GCC_C_LANGUAGE_STANDARD = gnu99;
				GCC_NO_COMMON_BLOCKS = YES;
				GCC_WARN_64_TO_32_BIT_CONVERSION = YES;
				GCC_WARN_ABOUT_RETURN_TYPE = YES_ERROR;
				GCC_WARN_UNDECLARED_SELECTOR = YES;
				GCC_WARN_UNINITIALIZED_AUTOS = YES_AGGRESSIVE;
				GCC_WARN_UNUSED_FUNCTION = YES;
				GCC_WARN_UNUSED_VARIABLE = YES;
				IPHONEOS_DEPLOYMENT_TARGET = 10.1;
				MTL_ENABLE_DEBUG_INFO = NO;
				SDKROOT = iphoneos;
				TARGETED_DEVICE_FAMILY = "1,2";
				VALIDATE_PRODUCT = YES;
			};
			name = Release;
		};
		A48847DD1EA2697F00CE5843 /* Debug */ = {
			isa = XCBuildConfiguration;
			baseConfigurationReference = 6E44FC47D98B416B82B08048 /* Pods-PlaybackDemo.debug.xcconfig */;
			buildSettings = {
				ASSETCATALOG_COMPILER_APPICON_NAME = AppIcon;
				DEVELOPMENT_TEAM = 7UL3LRJL93;
				ENABLE_BITCODE = NO;
				FRAMEWORK_SEARCH_PATHS = (
					"$(inherited)",
					"$(PROJECT_DIR)/Frameworks",
				);
				INFOPLIST_FILE = "$(SRCROOT)/PlaybackDemo/Info.plist";
				IPHONEOS_DEPLOYMENT_TARGET = 8.0;
				LD_RUNPATH_SEARCH_PATHS = "$(inherited) @executable_path/Frameworks";
				PRODUCT_BUNDLE_IDENTIFIER = com.dji.PlaybackDemo;
				PRODUCT_NAME = "$(TARGET_NAME)";
				TARGETED_DEVICE_FAMILY = "1,2";
			};
			name = Debug;
		};
		A48847DE1EA2697F00CE5843 /* Release */ = {
			isa = XCBuildConfiguration;
			baseConfigurationReference = 8D038CCF8617728F1DAE4F88 /* Pods-PlaybackDemo.release.xcconfig */;
			buildSettings = {
				ASSETCATALOG_COMPILER_APPICON_NAME = AppIcon;
				DEVELOPMENT_TEAM = 7UL3LRJL93;
				ENABLE_BITCODE = NO;
				FRAMEWORK_SEARCH_PATHS = (
					"$(inherited)",
					"$(PROJECT_DIR)/Frameworks",
				);
				INFOPLIST_FILE = "$(SRCROOT)/PlaybackDemo/Info.plist";
				IPHONEOS_DEPLOYMENT_TARGET = 8.0;
				LD_RUNPATH_SEARCH_PATHS = "$(inherited) @executable_path/Frameworks";
				PRODUCT_BUNDLE_IDENTIFIER = com.dji.PlaybackDemo;
				PRODUCT_NAME = "$(TARGET_NAME)";
				TARGETED_DEVICE_FAMILY = "1,2";
			};
			name = Release;
		};
/* End XCBuildConfiguration section */

/* Begin XCConfigurationList section */
		A48847C01EA2697F00CE5843 /* Build configuration list for PBXProject "PlaybackDemo" */ = {
			isa = XCConfigurationList;
			buildConfigurations = (
				A48847DA1EA2697F00CE5843 /* Debug */,
				A48847DB1EA2697F00CE5843 /* Release */,
			);
			defaultConfigurationIsVisible = 0;
			defaultConfigurationName = Release;
		};
		A48847DC1EA2697F00CE5843 /* Build configuration list for PBXNativeTarget "PlaybackDemo" */ = {
			isa = XCConfigurationList;
			buildConfigurations = (
				A48847DD1EA2697F00CE5843 /* Debug */,
				A48847DE1EA2697F00CE5843 /* Release */,
			);
			defaultConfigurationIsVisible = 0;
			defaultConfigurationName = Release;
		};
/* End XCConfigurationList section */
	};
	rootObject = A48847BD1EA2697F00CE5843 /* Project object */;
}
